
Microsoft Visual Studio Solution File, Format Version 12.00
# Visual Studio Version 16
VisualStudioVersion = 16.0.30517.126
MinimumVisualStudioVersion = 10.0.40219.1
Project("{8BC9CEB8-8B4A-11D0-8D11-00A0C91BC942}") = "DialogDataProvider", "DialogDataProvider\DialogDataProvider.vcxproj", "{0A583AFB-F960-4E6E-932E-F504231BC865}"
EndProject
Global
	GlobalSection(SolutionConfigurationPlatforms) = preSolution
		Debug|x64 = Debug|x64
		Debug|x86 = Debug|x86
		Release|x64 = Release|x64
		Release|x86 = Release|x86
	EndGlobalSection
	GlobalSection(ProjectConfigurationPlatforms) = postSolution
		{0A583AFB-F960-4E6E-932E-F504231BC865}.Debug|x64.ActiveCfg = Debug|x64
		{0A583AFB-F960-4E6E-932E-F504231BC865}.Debug|x64.Build.0 = Debug|x64
		{0A583AFB-F960-4E6E-932E-F504231BC865}.Debug|x86.ActiveCfg = Debug|Win32
		{0A583AFB-F960-4E6E-932E-F504231BC865}.Debug|x86.Build.0 = Debug|Win32
		{0A583AFB-F960-4E6E-932E-F504231BC865}.Release|x64.ActiveCfg = Release|x64
		{0A583AFB-F960-4E6E-932E-F504231BC865}.Release|x64.Build.0 = Release|x64
		{0A583AFB-F960-4E6E-932E-F504231BC865}.Release|x86.ActiveCfg = Release|Win32
		{0A583AFB-F960-4E6E-932E-F504231BC865}.Release|x86.Build.0 = Release|Win32
	EndGlobalSection
	GlobalSection(SolutionProperties) = preSolution
		HideSolutionNode = FALSE
	EndGlobalSection
	GlobalSection(ExtensibilityGlobals) = postSolution
		SolutionGuid = {CE3096DD-F99B-47DC-B61D-85FCC1C83E5F}
	EndGlobalSection
EndGlobal
